PODS:
  - Nimble (7.1.3)
  - Sourcery (0.13.1)
  - SwiftFormat/CLI (0.33.9)
  - SwiftLint (0.26.0)

DEPENDENCIES:
  - Nimble
  - Sourcery
  - SwiftFormat/CLI
  - SwiftLint

SPEC REPOS:
  https://github.com/cocoapods/specs.git:
    - Nimble
    - Sourcery
    - SwiftFormat
    - SwiftLint

SPEC CHECKSUMS:
  Nimble: 2839b01d1b31f6a6a7777a221f0d91cf52e8e27b
  Sourcery: 9ef51b8777516f204d82996441f293813158d0d7
  SwiftFormat: c75564cc070b5073e501405a96ea32685070068d
  SwiftLint: f6b83e8d95ee1e91e11932d843af4fdcbf3fc764

PODFILE CHECKSUM: 5d7afbe5ececcbd29a3db26c40ec6de599fb4e27

COCOAPODS: 1.5.3
